// !$*UTF8*$!
{
	archiveVersion = 1;
	classes = {
	};
	objectVersion = 56;
	objects = {

/* Begin PBXBuildFile section */
		84700E6D2C1E9186008DC4A1 /* CasinoApp.swift in Sources */ = {isa = PBXBuildFile; fileRef = 84700E6C2C1E9186008DC4A1 /* CasinoApp.swift */; };
		84700E6F2C1E9186008DC4A1 /* ContentView.swift in Sources */ = {isa = PBXBuildFile; fileRef = 84700E6E2C1E9186008DC4A1 /* ContentView.swift */; };
		84700E712C1E9186008DC4A1 /* Item.swift in Sources */ = {isa = PBXBuildFile; fileRef = 84700E702C1E9186008DC4A1 /* Item.swift */; };
		84700E732C1E9187008DC4A1 /* Assets.xcassets in Resources */ = {isa = PBXBuildFile; fileRef = 84700E722C1E9187008DC4A1 /* Assets.xcassets */; };
		84700E762C1E9187008DC4A1 /* Preview Assets.xcassets in Resources */ = {isa = PBXBuildFile; fileRef = 84700E752C1E9187008DC4A1 /* Preview Assets.xcassets */; };
		84700E802C1E9187008DC4A1 /* CasinoTests.swift in Sources */ = {isa = PBXBuildFile; fileRef = 84700E7F2C1E9187008DC4A1 /* CasinoTests.swift */; };
		84700E8A2C1E9187008DC4A1 /* CasinoUITests.swift in Sources */ = {isa = PBXBuildFile; fileRef = 84700E892C1E9187008DC4A1 /* CasinoUITests.swift */; };
		84700E8C2C1E9187008DC4A1 /* CasinoUITestsLaunchTests.swift in Sources */ = {isa = PBXBuildFile; fileRef = 84700E8B2C1E9187008DC4A1 /* CasinoUITestsLaunchTests.swift */; };
/* End PBXBuildFile section */

/* Begin PBXContainerItemProxy section */
		84700E7C2C1E9187008DC4A1 /* PBXContainerItemProxy */ = {
			isa = PBXContainerItemProxy;
			containerPortal = 84700E612C1E9186008DC4A1 /* Project object */;
			proxyType = 1;
			remoteGlobalIDString = 84700E682C1E9186008DC4A1;
			remoteInfo = Casino;
		};
		84700E862C1E9187008DC4A1 /* PBXContainerItemProxy */ = {
			isa = PBXContainerItemProxy;
			containerPortal = 84700E612C1E9186008DC4A1 /* Project object */;
			proxyType = 1;
			remoteGlobalIDString = 84700E682C1E9186008DC4A1;
			remoteInfo = Casino;
		};
/* End PBXContainerItemProxy section */

/* Begin PBXFileReference section */
		84700E692C1E9186008DC4A1 /* Casino.app */ = {isa = PBXFileReference; explicitFileType = wrapper.application; includeInIndex = 0; path = Casino.app; sourceTree = BUILT_PRODUCTS_DIR; };
		84700E6C2C1E9186008DC4A1 /* CasinoApp.swift */ = {isa = PBXFileReference; lastKnownFileType = sourcecode.swift; path = CasinoApp.swift; sourceTree = "<group>"; };
		84700E6E2C1E9186008DC4A1 /* ContentView.swift */ = {isa = PBXFileReference; lastKnownFileType = sourcecode.swift; path = ContentView.swift; sourceTree = "<group>"; };
		84700E702C1E9186008DC4A1 /* Item.swift */ = {isa = PBXFileReference; lastKnownFileType = sourcecode.swift; path = Item.swift; sourceTree = "<group>"; };
		84700E722C1E9187008DC4A1 /* Assets.xcassets */ = {isa = PBXFileReference; lastKnownFileType = folder.assetcatalog; path = Assets.xcassets; sourceTree = "<group>"; };
		84700E752C1E9187008DC4A1 /* Preview Assets.xcassets */ = {isa = PBXFileReference; lastKnownFileType = folder.assetcatalog; path = "Preview Assets.xcassets"; sourceTree = "<group>"; };
		84700E7B2C1E9187008DC4A1 /* CasinoTests.xctest */ = {isa = PBXFileReference; explicitFileType = wrapper.cfbundle; includeInIndex = 0; path = CasinoTests.xctest; sourceTree = BUILT_PRODUCTS_DIR; };
		84700E7F2C1E9187008DC4A1 /* CasinoTests.swift */ = {isa = PBXFileReference; lastKnownFileType = sourcecode.swift; path = CasinoTests.swift; sourceTree = "<group>"; };
		84700E852C1E9187008DC4A1 /* CasinoUITests.xctest */ = {isa = PBXFileReference; explicitFileType = wrapper.cfbundle; includeInIndex = 0; path = CasinoUITests.xctest; sourceTree = BUILT_PRODUCTS_DIR; };
		84700E892C1E9187008DC4A1 /* CasinoUITests.swift */ = {isa = PBXFileReference; lastKnownFileType = sourcecode.swift; path = CasinoUITests.swift; sourceTree = "<group>"; };
		84700E8B2C1E9187008DC4A1 /* CasinoUITestsLaunchTests.swift */ = {isa = PBXFileReference; lastKnownFileType = sourcecode.swift; path = CasinoUITestsLaunchTests.swift; sourceTree = "<group>"; };
/* End PBXFileReference section */

/* Begin PBXFrameworksBuildPhase section */
		84700E662C1E9186008DC4A1 /* Frameworks */ = {
			isa = PBXFrameworksBuildPhase;
			buildActionMask = 2147483647;
			files = (
			);
			runOnlyForDeploymentPostprocessing = 0;
		};
		84700E782C1E9187008DC4A1 /* Frameworks */ = {
			isa = PBXFrameworksBuildPhase;
			buildActionMask = 2147483647;
			files = (
			);
			runOnlyForDeploymentPostprocessing = 0;
		};
		84700E822C1E9187008DC4A1 /* Frameworks */ = {
			isa = PBXFrameworksBuildPhase;
			buildActionMask = 2147483647;
			files = (
			);
			runOnlyForDeploymentPostprocessing = 0;
		};
/* End PBXFrameworksBuildPhase section */

/* Begin PBXGroup section */
		84700E602C1E9186008DC4A1 = {
			isa = PBXGroup;
			children = (
				84700E6B2C1E9186008DC4A1 /* Casino */,
				84700E7E2C1E9187008DC4A1 /* CasinoTests */,
				84700E882C1E9187008DC4A1 /* CasinoUITests */,
				84700E6A2C1E9186008DC4A1 /* Products */,
			);
			sourceTree = "<group>";
		};
		84700E6A2C1E9186008DC4A1 /* Products */ = {
			isa = PBXGroup;
			children = (
				84700E692C1E9186008DC4A1 /* Casino.app */,
				84700E7B2C1E9187008DC4A1 /* CasinoTests.xctest */,
				84700E852C1E9187008DC4A1 /* CasinoUITests.xctest */,
			);
			name = Products;
			sourceTree = "<group>";
		};
		84700E6B2C1E9186008DC4A1 /* Casino */ = {
			isa = PBXGroup;
			children = (
				84700E6C2C1E9186008DC4A1 /* CasinoApp.swift */,
				84700E6E2C1E9186008DC4A1 /* ContentView.swift */,
				84700E702C1E9186008DC4A1 /* Item.swift */,
				84700E722C1E9187008DC4A1 /* Assets.xcassets */,
				84700E742C1E9187008DC4A1 /* Preview Content */,
			);
			path = Casino;
			sourceTree = "<group>";
		};
		84700E742C1E9187008DC4A1 /* Preview Content */ = {
			isa = PBXGroup;
			children = (
				84700E752C1E9187008DC4A1 /* Preview Assets.xcassets */,
			);
			path = "Preview Content";
			sourceTree = "<group>";
		};
		84700E7E2C1E9187008DC4A1 /* CasinoTests */ = {
			isa = PBXGroup;
			children = (
				84700E7F2C1E9187008DC4A1 /* CasinoTests.swift */,
			);
			path = CasinoTests;
			sourceTree = "<group>";
		};
		84700E882C1E9187008DC4A1 /* CasinoUITests */ = {
			isa = PBXGroup;
			children = (
				84700E892C1E9187008DC4A1 /* CasinoUITests.swift */,
				84700E8B2C1E9187008DC4A1 /* CasinoUITestsLaunchTests.swift */,
			);
			path = CasinoUITests;
			sourceTree = "<group>";
		};
/* End PBXGroup section */

/* Begin PBXNativeTarget section */
		84700E682C1E9186008DC4A1 /* Casino */ = {
			isa = PBXNativeTarget;
			buildConfigurationList = 84700E8F2C1E9187008DC4A1 /* Build configuration list for PBXNativeTarget "Casino" */;
			buildPhases = (
				84700E652C1E9186008DC4A1 /* Sources */,
				84700E662C1E9186008DC4A1 /* Frameworks */,
				84700E672C1E9186008DC4A1 /* Resources */,
			);
			buildRules = (
			);
			dependencies = (
			);
			name = Casino;
			productName = Casino;
			productReference = 84700E692C1E9186008DC4A1 /* Casino.app */;
			productType = "com.apple.product-type.application";
		};
		84700E7A2C1E9187008DC4A1 /* CasinoTests */ = {
			isa = PBXNativeTarget;
			buildConfigurationList = 84700E922C1E9187008DC4A1 /* Build configuration list for PBXNativeTarget "CasinoTests" */;
			buildPhases = (
				84700E772C1E9187008DC4A1 /* Sources */,
				84700E782C1E9187008DC4A1 /* Frameworks */,
				84700E792C1E9187008DC4A1 /* Resources */,
			);
			buildRules = (
			);
			dependencies = (
				84700E7D2C1E9187008DC4A1 /* PBXTargetDependency */,
			);
			name = CasinoTests;
			productName = CasinoTests;
			productReference = 84700E7B2C1E9187008DC4A1 /* CasinoTests.xctest */;
			productType = "com.apple.product-type.bundle.unit-test";
		};
		84700E842C1E9187008DC4A1 /* CasinoUITests */ = {
			isa = PBXNativeTarget;
			buildConfigurationList = 84700E952C1E9187008DC4A1 /* Build configuration list for PBXNativeTarget "CasinoUITests" */;
			buildPhases = (
				84700E812C1E9187008DC4A1 /* Sources */,
				84700E822C1E9187008DC4A1 /* Frameworks */,
				84700E832C1E9187008DC4A1 /* Resources */,
			);
			buildRules = (
			);
			dependencies = (
				84700E872C1E9187008DC4A1 /* PBXTargetDependency */,
			);
			name = CasinoUITests;
			productName = CasinoUITests;
			productReference = 84700E852C1E9187008DC4A1 /* CasinoUITests.xctest */;
			productType = "com.apple.product-type.bundle.ui-testing";
		};
/* End PBXNativeTarget section */

/* Begin PBXProject section */
		84700E612C1E9186008DC4A1 /* Project object */ = {
			isa = PBXProject;
			attributes = {
				BuildIndependentTargetsInParallel = 1;
				LastSwiftUpdateCheck = 1540;
				LastUpgradeCheck = 1540;
				TargetAttributes = {
					84700E682C1E9186008DC4A1 = {
						CreatedOnToolsVersion = 15.4;
					};
					84700E7A2C1E9187008DC4A1 = {
						CreatedOnToolsVersion = 15.4;
						TestTargetID = 84700E682C1E9186008DC4A1;
					};
					84700E842C1E9187008DC4A1 = {
						CreatedOnToolsVersion = 15.4;
						TestTargetID = 84700E682C1E9186008DC4A1;
					};
				};
			};
			buildConfigurationList = 84700E642C1E9186008DC4A1 /* Build configuration list for PBXProject "Casino" */;
			compatibilityVersion = "Xcode 14.0";
			developmentRegion = en;
			hasScannedForEncodings = 0;
			knownRegions = (
				en,
				Base,
			);
			mainGroup = 84700E602C1E9186008DC4A1;
			productRefGroup = 84700E6A2C1E9186008DC4A1 /* Products */;
			projectDirPath = "";
			projectRoot = "";
			targets = (
				84700E682C1E9186008DC4A1 /* Casino */,
				84700E7A2C1E9187008DC4A1 /* CasinoTests */,
				84700E842C1E9187008DC4A1 /* CasinoUITests */,
			);
		};
/* End PBXProject section */

/* Begin PBXResourcesBuildPhase section */
		84700E672C1E9186008DC4A1 /* Resources */ = {
			isa = PBXResourcesBuildPhase;
			buildActionMask = 2147483647;
			files = (
				84700E762C1E9187008DC4A1 /* Preview Assets.xcassets in Resources */,
				84700E732C1E9187008DC4A1 /* Assets.xcassets in Resources */,
			);
			runOnlyForDeploymentPostprocessing = 0;
		};
		84700E792C1E9187008DC4A1 /* Resources */ = {
			isa = PBXResourcesBuildPhase;
			buildActionMask = 2147483647;
			files = (
			);
			runOnlyForDeploymentPostprocessing = 0;
		};
		84700E832C1E9187008DC4A1 /* Resources */ = {
			isa = PBXResourcesBuildPhase;
			buildActionMask = 2147483647;
			files = (
			);
			runOnlyForDeploymentPostprocessing = 0;
		};
/* End PBXResourcesBuildPhase section */

/* Begin PBXSourcesBuildPhase section */
		84700E652C1E9186008DC4A1 /* Sources */ = {
			isa = PBXSourcesBuildPhase;
			buildActionMask = 2147483647;
			files = (
				84700E6F2C1E9186008DC4A1 /* ContentView.swift in Sources */,
				84700E712C1E9186008DC4A1 /* Item.swift in Sources */,
				84700E6D2C1E9186008DC4A1 /* CasinoApp.swift in Sources */,
			);
			runOnlyForDeploymentPostprocessing = 0;
		};
		84700E772C1E9187008DC4A1 /* Sources */ = {
			isa = PBXSourcesBuildPhase;
			buildActionMask = 2147483647;
			files = (
				84700E802C1E9187008DC4A1 /* CasinoTests.swift in Sources */,
			);
			runOnlyForDeploymentPostprocessing = 0;
		};
		84700E812C1E9187008DC4A1 /* Sources */ = {
			isa = PBXSourcesBuildPhase;
			buildActionMask = 2147483647;
			files = (
				84700E8A2C1E9187008DC4A1 /* CasinoUITests.swift in Sources */,
				84700E8C2C1E9187008DC4A1 /* CasinoUITestsLaunchTests.swift in Sources */,
			);
			runOnlyForDeploymentPostprocessing = 0;
		};
/* End PBXSourcesBuildPhase section */

/* Begin PBXTargetDependency section */
		84700E7D2C1E9187008DC4A1 /* PBXTargetDependency */ = {
			isa = PBXTargetDependency;
			target = 84700E682C1E9186008DC4A1 /* Casino */;
			targetProxy = 84700E7C2C1E9187008DC4A1 /* PBXContainerItemProxy */;
		};
		84700E872C1E9187008DC4A1 /* PBXTargetDependency */ = {
			isa = PBXTargetDependency;
			target = 84700E682C1E9186008DC4A1 /* Casino */;
			targetProxy = 84700E862C1E9187008DC4A1 /* PBXContainerItemProxy */;
		};
/* End PBXTargetDependency section */

/* Begin XCBuildConfiguration section */
		84700E8D2C1E9187008DC4A1 /* Debug */ = {
			isa = XCBuildConfiguration;
			buildSettings = {
				ALWAYS_SEARCH_USER_PATHS = NO;
				ASSETCATALOG_COMPILER_GENERATE_SWIFT_ASSET_SYMBOL_EXTENSIONS = YES;
				CLANG_ANALYZER_NONNULL = YES;
				CLANG_ANALYZER_NUMBER_OBJECT_CONVERSION = YES_AGGRESSIVE;
				CLANG_CXX_LANGUAGE_STANDARD = "gnu++20";
				CLANG_ENABLE_MODULES = YES;
				CLANG_ENABLE_OBJC_ARC = YES;
				CLANG_ENABLE_OBJC_WEAK = YES;
				CLANG_WARN_BLOCK_CAPTURE_AUTORELEASING = YES;
				CLANG_WARN_BOOL_CONVERSION = YES;
				CLANG_WARN_COMMA = YES;
				CLANG_WARN_CONSTANT_CONVERSION = YES;
				CLANG_WARN_DEPRECATED_OBJC_IMPLEMENTATIONS = YES;
				CLANG_WARN_DIRECT_OBJC_ISA_USAGE = YES_ERROR;
				CLANG_WARN_DOCUMENTATION_COMMENTS = YES;
				CLANG_WARN_EMPTY_BODY = YES;
				CLANG_WARN_ENUM_CONVERSION = YES;
				CLANG_WARN_INFINITE_RECURSION = YES;
				CLANG_WARN_INT_CONVERSION = YES;
				CLANG_WARN_NON_LITERAL_NULL_CONVERSION = YES;
				CLANG_WARN_OBJC_IMPLICIT_RETAIN_SELF = YES;
				CLANG_WARN_OBJC_LITERAL_CONVERSION = YES;
				CLANG_WARN_OBJC_ROOT_CLASS = YES_ERROR;
				CLANG_WARN_QUOTED_INCLUDE_IN_FRAMEWORK_HEADER = YES;
				CLANG_WARN_RANGE_LOOP_ANALYSIS = YES;
				CLANG_WARN_STRICT_PROTOTYPES = YES;
				CLANG_WARN_SUSPICIOUS_MOVE = YES;
				CLANG_WARN_UNGUARDED_AVAILABILITY = YES_AGGRESSIVE;
				CLANG_WARN_UNREACHABLE_CODE = YES;
				CLANG_WARN__DUPLICATE_METHOD_MATCH = YES;
				COPY_PHASE_STRIP = NO;
				DEBUG_INFORMATION_FORMAT = dwarf;
				ENABLE_STRICT_OBJC_MSGSEND = YES;
				ENABLE_TESTABILITY = YES;
				ENABLE_USER_SCRIPT_SANDBOXING = YES;
				GCC_C_LANGUAGE_STANDARD = gnu17;
				GCC_DYNAMIC_NO_PIC = NO;
				GCC_NO_COMMON_BLOCKS = YES;
				GCC_OPTIMIZATION_LEVEL = 0;
				GCC_PREPROCESSOR_DEFINITIONS = (
					"DEBUG=1",
					"$(inherited)",
				);
				GCC_WARN_64_TO_32_BIT_CONVERSION = YES;
				GCC_WARN_ABOUT_RETURN_TYPE = YES_ERROR;
				GCC_WARN_UNDECLARED_SELECTOR = YES;
				GCC_WARN_UNINITIALIZED_AUTOS = YES_AGGRESSIVE;
				GCC_WARN_UNUSED_FUNCTION = YES;
				GCC_WARN_UNUSED_VARIABLE = YES;
				IPHONEOS_DEPLOYMENT_TARGET = 17.5;
				LOCALIZATION_PREFERS_STRING_CATALOGS = YES;
				MTL_ENABLE_DEBUG_INFO = INCLUDE_SOURCE;
				MTL_FAST_MATH = YES;
				ONLY_ACTIVE_ARCH = YES;
				SDKROOT = iphoneos;
				SWIFT_ACTIVE_COMPILATION_CONDITIONS = "DEBUG $(inherited)";
				SWIFT_OPTIMIZATION_LEVEL = "-Onone";
			};
			name = Debug;
		};
		84700E8E2C1E9187008DC4A1 /* Release */ = {
			isa = XCBuildConfiguration;
			buildSettings = {
				ALWAYS_SEARCH_USER_PATHS = NO;
				ASSETCATALOG_COMPILER_GENERATE_SWIFT_ASSET_SYMBOL_EXTENSIONS = YES;
				CLANG_ANALYZER_NONNULL = YES;
				CLANG_ANALYZER_NUMBER_OBJECT_CONVERSION = YES_AGGRESSIVE;
				CLANG_CXX_LANGUAGE_STANDARD = "gnu++20";
				CLANG_ENABLE_MODULES = YES;
				CLANG_ENABLE_OBJC_ARC = YES;
				CLANG_ENABLE_OBJC_WEAK = YES;
				CLANG_WARN_BLOCK_CAPTURE_AUTORELEASING = YES;
				CLANG_WARN_BOOL_CONVERSION = YES;
				CLANG_WARN_COMMA = YES;
				CLANG_WARN_CONSTANT_CONVERSION = YES;
				CLANG_WARN_DEPRECATED_OBJC_IMPLEMENTATIONS = YES;
				CLANG_WARN_DIRECT_OBJC_ISA_USAGE = YES_ERROR;
				CLANG_WARN_DOCUMENTATION_COMMENTS = YES;
				CLANG_WARN_EMPTY_BODY = YES;
				CLANG_WARN_ENUM_CONVERSION = YES;
				CLANG_WARN_INFINITE_RECURSION = YES;
				CLANG_WARN_INT_CONVERSION = YES;
				CLANG_WARN_NON_LITERAL_NULL_CONVERSION = YES;
				CLANG_WARN_OBJC_IMPLICIT_RETAIN_SELF = YES;
				CLANG_WARN_OBJC_LITERAL_CONVERSION = YES;
				CLANG_WARN_OBJC_ROOT_CLASS = YES_ERROR;
				CLANG_WARN_QUOTED_INCLUDE_IN_FRAMEWORK_HEADER = YES;
				CLANG_WARN_RANGE_LOOP_ANALYSIS = YES;
				CLANG_WARN_STRICT_PROTOTYPES = YES;
				CLANG_WARN_SUSPICIOUS_MOVE = YES;
				CLANG_WARN_UNGUARDED_AVAILABILITY = YES_AGGRESSIVE;
				CLANG_WARN_UNREACHABLE_CODE = YES;
				CLANG_WARN__DUPLICATE_METHOD_MATCH = YES;
				COPY_PHASE_STRIP = NO;
				DEBUG_INFORMATION_FORMAT = "dwarf-with-dsym";
				ENABLE_NS_ASSERTIONS = NO;
				ENABLE_STRICT_OBJC_MSGSEND = YES;
				ENABLE_USER_SCRIPT_SANDBOXING = YES;
				GCC_C_LANGUAGE_STANDARD = gnu17;
				GCC_NO_COMMON_BLOCKS = YES;
				GCC_WARN_64_TO_32_BIT_CONVERSION = YES;
				GCC_WARN_ABOUT_RETURN_TYPE = YES_ERROR;
				GCC_WARN_UNDECLARED_SELECTOR = YES;
				GCC_WARN_UNINITIALIZED_AUTOS = YES_AGGRESSIVE;
				GCC_WARN_UNUSED_FUNCTION = YES;
				GCC_WARN_UNUSED_VARIABLE = YES;
				IPHONEOS_DEPLOYMENT_TARGET = 17.5;
				LOCALIZATION_PREFERS_STRING_CATALOGS = YES;
				MTL_ENABLE_DEBUG_INFO = NO;
				MTL_FAST_MATH = YES;
				SDKROOT = iphoneos;
				SWIFT_COMPILATION_MODE = wholemodule;
				VALIDATE_PRODUCT = YES;
			};
			name = Release;
		};
		84700E902C1E9187008DC4A1 /* Debug */ = {
			isa = XCBuildConfiguration;
			buildSettings = {
				ASSETCATALOG_COMPILER_APPICON_NAME = AppIcon;
				ASSETCATALOG_COMPILER_GLOBAL_ACCENT_COLOR_NAME = AccentColor;
				CODE_SIGN_STYLE = Automatic;
				CURRENT_PROJECT_VERSION = 1;
				DEVELOPMENT_ASSET_PATHS = "\"Casino/Preview Content\"";
				ENABLE_PREVIEWS = YES;
				GENERATE_INFOPLIST_FILE = YES;
				INFOPLIST_KEY_UIApplicationSceneManifest_Generation = YES;
				INFOPLIST_KEY_UIApplicationSupportsIndirectInputEvents = YES;
				INFOPLIST_KEY_UILaunchScreen_Generation = YES;
				INFOPLIST_KEY_UISupportedInterfaceOrientations_iPad = "UIInterfaceOrientationPortrait UIInterfaceOrientationPortraitUpsideDown UIInterfaceOrientationLandscapeLeft UIInterfaceOrientationLandscapeRight";
				INFOPLIST_KEY_UISupportedInterfaceOrientations_iPhone = "UIInterfaceOrientationPortrait UIInterfaceOrientationLandscapeLeft UIInterfaceOrientationLandscapeRight";
				LD_RUNPATH_SEARCH_PATHS = (
					"$(inherited)",
					"@executable_path/Frameworks",
				);
				MARKETING_VERSION = 1.0;
				PRODUCT_BUNDLE_IDENTIFIER = com.waroon.Casino;
				PRODUCT_NAME = "$(TARGET_NAME)";
				SWIFT_EMIT_LOC_STRINGS = YES;
				SWIFT_VERSION = 5.0;
				TARGETED_DEVICE_FAMILY = "1,2";
			};
			name = Debug;
		};
		84700E912C1E9187008DC4A1 /* Release */ = {
			isa = XCBuildConfiguration;
			buildSettings = {
				ASSETCATALOG_COMPILER_APPICON_NAME = AppIcon;
				ASSETCATALOG_COMPILER_GLOBAL_ACCENT_COLOR_NAME = AccentColor;
				CODE_SIGN_STYLE = Automatic;
				CURRENT_PROJECT_VERSION = 1;
				DEVELOPMENT_ASSET_PATHS = "\"Casino/Preview Content\"";
				ENABLE_PREVIEWS = YES;
				GENERATE_INFOPLIST_FILE = YES;
				INFOPLIST_KEY_UIApplicationSceneManifest_Generation = YES;
				INFOPLIST_KEY_UIApplicationSupportsIndirectInputEvents = YES;
				INFOPLIST_KEY_UILaunchScreen_Generation = YES;
				INFOPLIST_KEY_UISupportedInterfaceOrientations_iPad = "UIInterfaceOrientationPortrait UIInterfaceOrientationPortraitUpsideDown UIInterfaceOrientationLandscapeLeft UIInterfaceOrientationLandscapeRight";
				INFOPLIST_KEY_UISupportedInterfaceOrientations_iPhone = "UIInterfaceOrientationPortrait UIInterfaceOrientationLandscapeLeft UIInterfaceOrientationLandscapeRight";
				LD_RUNPATH_SEARCH_PATHS = (
					"$(inherited)",
					"@executable_path/Frameworks",
				);
				MARKETING_VERSION = 1.0;
				PRODUCT_BUNDLE_IDENTIFIER = com.waroon.Casino;
				PRODUCT_NAME = "$(TARGET_NAME)";
				SWIFT_EMIT_LOC_STRINGS = YES;
				SWIFT_VERSION = 5.0;
				TARGETED_DEVICE_FAMILY = "1,2";
			};
			name = Release;
		};
		84700E932C1E9187008DC4A1 /* Debug */ = {
			isa = XCBuildConfiguration;
			buildSettings = {
				ALWAYS_EMBED_SWIFT_STANDARD_LIBRARIES = YES;
				BUNDLE_LOADER = "$(TEST_HOST)";
				CODE_SIGN_STYLE = Automatic;
				CURRENT_PROJECT_VERSION = 1;
				GENERATE_INFOPLIST_FILE = YES;
				IPHONEOS_DEPLOYMENT_TARGET = 17.5;
				MARKETING_VERSION = 1.0;
				PRODUCT_BUNDLE_IDENTIFIER = com.waroon.CasinoTests;
				PRODUCT_NAME = "$(TARGET_NAME)";
				SWIFT_EMIT_LOC_STRINGS = NO;
				SWIFT_VERSION = 5.0;
				TARGETED_DEVICE_FAMILY = "1,2";
				TEST_HOST = "$(BUILT_PRODUCTS_DIR)/Casino.app/$(BUNDLE_EXECUTABLE_FOLDER_PATH)/Casino";
			};
			name = Debug;
		};
		84700E942C1E9187008DC4A1 /* Release */ = {
			isa = XCBuildConfiguration;
			buildSettings = {
				ALWAYS_EMBED_SWIFT_STANDARD_LIBRARIES = YES;
				BUNDLE_LOADER = "$(TEST_HOST)";
				CODE_SIGN_STYLE = Automatic;
				CURRENT_PROJECT_VERSION = 1;
				GENERATE_INFOPLIST_FILE = YES;
				IPHONEOS_DEPLOYMENT_TARGET = 17.5;
				MARKETING_VERSION = 1.0;
				PRODUCT_BUNDLE_IDENTIFIER = com.waroon.CasinoTests;
				PRODUCT_NAME = "$(TARGET_NAME)";
				SWIFT_EMIT_LOC_STRINGS = NO;
				SWIFT_VERSION = 5.0;
				TARGETED_DEVICE_FAMILY = "1,2";
				TEST_HOST = "$(BUILT_PRODUCTS_DIR)/Casino.app/$(BUNDLE_EXECUTABLE_FOLDER_PATH)/Casino";
			};
			name = Release;
		};
		84700E962C1E9187008DC4A1 /* Debug */ = {
			isa = XCBuildConfiguration;
			buildSettings = {
				ALWAYS_EMBED_SWIFT_STANDARD_LIBRARIES = YES;
				CODE_SIGN_STYLE = Automatic;
				CURRENT_PROJECT_VERSION = 1;
				GENERATE_INFOPLIST_FILE = YES;
				MARKETING_VERSION = 1.0;
				PRODUCT_BUNDLE_IDENTIFIER = com.waroon.CasinoUITests;
				PRODUCT_NAME = "$(TARGET_NAME)";
				SWIFT_EMIT_LOC_STRINGS = NO;
				SWIFT_VERSION = 5.0;
				TARGETED_DEVICE_FAMILY = "1,2";
				TEST_TARGET_NAME = Casino;
			};
			name = Debug;
		};
		84700E972C1E9187008DC4A1 /* Release */ = {
			isa = XCBuildConfiguration;
			buildSettings = {
				ALWAYS_EMBED_SWIFT_STANDARD_LIBRARIES = YES;
				CODE_SIGN_STYLE = Automatic;
				CURRENT_PROJECT_VERSION = 1;
				GENERATE_INFOPLIST_FILE = YES;
				MARKETING_VERSION = 1.0;
				PRODUCT_BUNDLE_IDENTIFIER = com.waroon.CasinoUITests;
				PRODUCT_NAME = "$(TARGET_NAME)";
				SWIFT_EMIT_LOC_STRINGS = NO;
				SWIFT_VERSION = 5.0;
				TARGETED_DEVICE_FAMILY = "1,2";
				TEST_TARGET_NAME = Casino;
			};
			name = Release;
		};
/* End XCBuildConfiguration section */

/* Begin XCConfigurationList section */
		84700E642C1E9186008DC4A1 /* Build configuration list for PBXProject "Casino" */ = {
			isa = XCConfigurationList;
			buildConfigurations = (
				84700E8D2C1E9187008DC4A1 /* Debug */,
				84700E8E2C1E9187008DC4A1 /* Release */,
			);
			defaultConfigurationIsVisible = 0;
			defaultConfigurationName = Release;
		};
		84700E8F2C1E9187008DC4A1 /* Build configuration list for PBXNativeTarget "Casino" */ = {
			isa = XCConfigurationList;
			buildConfigurations = (
				84700E902C1E9187008DC4A1 /* Debug */,
				84700E912C1E9187008DC4A1 /* Release */,
			);
			defaultConfigurationIsVisible = 0;
			defaultConfigurationName = Release;
		};
		84700E922C1E9187008DC4A1 /* Build configuration list for PBXNativeTarget "CasinoTests" */ = {
			isa = XCConfigurationList;
			buildConfigurations = (
				84700E932C1E9187008DC4A1 /* Debug */,
				84700E942C1E9187008DC4A1 /* Release */,
			);
			defaultConfigurationIsVisible = 0;
			defaultConfigurationName = Release;
		};
		84700E952C1E9187008DC4A1 /* Build configuration list for PBXNativeTarget "CasinoUITests" */ = {
			isa = XCConfigurationList;
			buildConfigurations = (
				84700E962C1E9187008DC4A1 /* Debug */,
				84700E972C1E9187008DC4A1 /* Release */,
			);
			defaultConfigurationIsVisible = 0;
			defaultConfigurationName = Release;
		};
/* End XCConfigurationList section */
	};
	rootObject = 84700E612C1E9186008DC4A1 /* Project object */;
}
